
Microsoft Visual Studio Solution File, Format Version 12.00
# Visual Studio 15
VisualStudioVersion = 15.0.28307.329
MinimumVisualStudioVersion = 10.0.40219.1
Project("{FAE04EC0-301F-11D3-BF4B-00C04F79EFBC}") = "CSharpCrawler", "CSharpCrawler\CSharpCrawler.csproj", "{C0E74199-FF36-49C4-8F7C-C271467A432D}"
EndProject
Global
	GlobalSection(SolutionConfigurationPlatforms) = preSolution
		Debug|Any CPU = Debug|Any CPU
		Release|Any CPU = Release|Any CPU
	EndGlobalSection
	GlobalSection(ProjectConfigurationPlatforms) = postSolution
		{C0E74199-FF36-49C4-8F7C-C271467A432D}.Debug|Any CPU.ActiveCfg = Debug|Any CPU
		{C0E74199-FF36-49C4-8F7C-C271467A432D}.Debug|Any CPU.Build.0 = Debug|Any CPU
		{C0E74199-FF36-49C4-8F7C-C271467A432D}.Release|Any CPU.ActiveCfg = Release|Any CPU
		{C0E74199-FF36-49C4-8F7C-C271467A432D}.Release|Any CPU.Build.0 = Release|Any CPU
	EndGlobalSection
	GlobalSection(SolutionProperties) = preSolution
		HideSolutionNode = FALSE
	EndGlobalSection
	GlobalSection(ExtensibilityGlobals) = postSolution
		SolutionGuid = {1F15953E-E026-4F1A-A053-C8ED532DF0F3}
	EndGlobalSection
EndGlobal
